
Microsoft Visual Studio Solution File, Format Version 12.00
# Visual Studio Version 16
VisualStudioVersion = 16.0.31105.61
MinimumVisualStudioVersion = 10.0.40219.1
Project("{FAE04EC0-301F-11D3-BF4B-00C04F79EFBC}") = "ChatbotAPI", "ChatbotAPI\ChatbotAPI.csproj", "{BB4EA900-22E6-4A1F-9AE3-16A46AA8093B}"
EndProject
Global
	GlobalSection(SolutionConfigurationPlatforms) = preSolution
		Debug|Any CPU = Debug|Any CPU
		Release|Any CPU = Release|Any CPU
	EndGlobalSection
	GlobalSection(ProjectConfigurationPlatforms) = postSolution
		{BB4EA900-22E6-4A1F-9AE3-16A46AA8093B}.Debug|Any CPU.ActiveCfg = Debug|Any CPU
		{BB4EA900-22E6-4A1F-9AE3-16A46AA8093B}.Debug|Any CPU.Build.0 = Debug|Any CPU
		{BB4EA900-22E6-4A1F-9AE3-16A46AA8093B}.Release|Any CPU.ActiveCfg = Release|Any CPU
		{BB4EA900-22E6-4A1F-9AE3-16A46AA8093B}.Release|Any CPU.Build.0 = Release|Any CPU
	EndGlobalSection
	GlobalSection(SolutionProperties) = preSolution
		HideSolutionNode = FALSE
	EndGlobalSection
	GlobalSection(ExtensibilityGlobals) = postSolution
		SolutionGuid = {F55C46DB-43DA-4CA9-A089-DF119BEE74A3}
	EndGlobalSection
EndGlobal
